
Microsoft Visual Studio Solution File, Format Version 10.00
# Visual C# Express 2008
Project("{FAE04EC0-301F-11D3-BF4B-00C04F79EFBC}") = "PwrIDE", "PwrIDE\PwrIDE.csproj", "{B7768E67-799C-42E8-B2B3-AD9B09AFA7D7}"
EndProject
Project("{FAE04EC0-301F-11D3-BF4B-00C04F79EFBC}") = "Symitar", "Symitar\Symitar.csproj", "{3EC60B99-DCC6-4C15-B14C-DD49B1DFD215}"
EndProject
Global
	GlobalSection(SolutionConfigurationPlatforms) = preSolution
		Debug|Any CPU = Debug|Any CPU
		Release|Any CPU = Release|Any CPU
	EndGlobalSection
	GlobalSection(ProjectConfigurationPlatforms) = postSolution
		{B7768E67-799C-42E8-B2B3-AD9B09AFA7D7}.Debug|Any CPU.ActiveCfg = Debug|Any CPU
		{B7768E67-799C-42E8-B2B3-AD9B09AFA7D7}.Debug|Any CPU.Build.0 = Debug|Any CPU
		{B7768E67-799C-42E8-B2B3-AD9B09AFA7D7}.Release|Any CPU.ActiveCfg = Release|Any CPU
		{B7768E67-799C-42E8-B2B3-AD9B09AFA7D7}.Release|Any CPU.Build.0 = Release|Any CPU
		{3EC60B99-DCC6-4C15-B14C-DD49B1DFD215}.Debug|Any CPU.ActiveCfg = Debug|Any CPU
		{3EC60B99-DCC6-4C15-B14C-DD49B1DFD215}.Debug|Any CPU.Build.0 = Debug|Any CPU
		{3EC60B99-DCC6-4C15-B14C-DD49B1DFD215}.Release|Any CPU.ActiveCfg = Release|Any CPU
		{3EC60B99-DCC6-4C15-B14C-DD49B1DFD215}.Release|Any CPU.Build.0 = Release|Any CPU
	EndGlobalSection
	GlobalSection(SolutionProperties) = preSolution
		HideSolutionNode = FALSE
	EndGlobalSection
EndGlobal
